
Microsoft Visual Studio Solution File, Format Version 12.00
# Visual Studio 15
VisualStudioVersion = 15.0.28010.2036
MinimumVisualStudioVersion = 10.0.40219.1
Project("{FAE04EC0-301F-11D3-BF4B-00C04F79EFBC}") = "MessagesLibrary", "MessagesLibrary\MessagesLibrary.csproj", "{89BAF3B8-22CF-46F3-BCCC-64AF4032D454}"
EndProject
Project("{9A19103F-16F7-4668-BE54-9A1E7A4F7556}") = "MessagesLibrary.Test", "MessagesLibrary.Test\MessagesLibrary.Test.csproj", "{16AB5957-ADDF-469E-AB82-6EAB1EFC0CFF}"
EndProject
Project("{FAE04EC0-301F-11D3-BF4B-00C04F79EFBC}") = "Excersise04SoloTask", "Excersise04SoloTask\Excersise04SoloTask.csproj", "{D01367BA-9981-49F7-9D8C-BD61D06197A2}"
EndProject
Project("{FAE04EC0-301F-11D3-BF4B-00C04F79EFBC}") = "MessageLogger", "MessageLogger\MessageLogger.csproj", "{657CB220-4E43-4835-84DD-AF730DA5FC5D}"
EndProject
Global
	GlobalSection(SolutionConfigurationPlatforms) = preSolution
		Debug|Any CPU = Debug|Any CPU
		Release|Any CPU = Release|Any CPU
	EndGlobalSection
	GlobalSection(ProjectConfigurationPlatforms) = postSolution
		{89BAF3B8-22CF-46F3-BCCC-64AF4032D454}.Debug|Any CPU.ActiveCfg = Debug|Any CPU
		{89BAF3B8-22CF-46F3-BCCC-64AF4032D454}.Debug|Any CPU.Build.0 = Debug|Any CPU
		{89BAF3B8-22CF-46F3-BCCC-64AF4032D454}.Release|Any CPU.ActiveCfg = Release|Any CPU
		{89BAF3B8-22CF-46F3-BCCC-64AF4032D454}.Release|Any CPU.Build.0 = Release|Any CPU
		{16AB5957-ADDF-469E-AB82-6EAB1EFC0CFF}.Debug|Any CPU.ActiveCfg = Debug|Any CPU
		{16AB5957-ADDF-469E-AB82-6EAB1EFC0CFF}.Debug|Any CPU.Build.0 = Debug|Any CPU
		{16AB5957-ADDF-469E-AB82-6EAB1EFC0CFF}.Release|Any CPU.ActiveCfg = Release|Any CPU
		{16AB5957-ADDF-469E-AB82-6EAB1EFC0CFF}.Release|Any CPU.Build.0 = Release|Any CPU
		{D01367BA-9981-49F7-9D8C-BD61D06197A2}.Debug|Any CPU.ActiveCfg = Debug|Any CPU
		{D01367BA-9981-49F7-9D8C-BD61D06197A2}.Debug|Any CPU.Build.0 = Debug|Any CPU
		{D01367BA-9981-49F7-9D8C-BD61D06197A2}.Release|Any CPU.ActiveCfg = Release|Any CPU
		{D01367BA-9981-49F7-9D8C-BD61D06197A2}.Release|Any CPU.Build.0 = Release|Any CPU
		{657CB220-4E43-4835-84DD-AF730DA5FC5D}.Debug|Any CPU.ActiveCfg = Debug|Any CPU
		{657CB220-4E43-4835-84DD-AF730DA5FC5D}.Debug|Any CPU.Build.0 = Debug|Any CPU
		{657CB220-4E43-4835-84DD-AF730DA5FC5D}.Release|Any CPU.ActiveCfg = Release|Any CPU
		{657CB220-4E43-4835-84DD-AF730DA5FC5D}.Release|Any CPU.Build.0 = Release|Any CPU
	EndGlobalSection
	GlobalSection(SolutionProperties) = preSolution
		HideSolutionNode = FALSE
	EndGlobalSection
	GlobalSection(ExtensibilityGlobals) = postSolution
		SolutionGuid = {1DDD7FE6-F64C-41CC-AE41-ED136976AE8D}
	EndGlobalSection
EndGlobal
